
Microsoft Visual Studio Solution File, Format Version 12.00
# Visual Studio 15
VisualStudioVersion = 15.0.28010.2048
MinimumVisualStudioVersion = 10.0.40219.1
Project("{FAE04EC0-301F-11D3-BF4B-00C04F79EFBC}") = "InheritanceWithAbstract", "InheritanceWithAbstract\InheritanceWithAbstract.csproj", "{D96E5C5C-EBF9-4A7B-B550-054E1AF50B5A}"
EndProject
Global
	GlobalSection(SolutionConfigurationPlatforms) = preSolution
		Debug|Any CPU = Debug|Any CPU
		Release|Any CPU = Release|Any CPU
	EndGlobalSection
	GlobalSection(ProjectConfigurationPlatforms) = postSolution
		{D96E5C5C-EBF9-4A7B-B550-054E1AF50B5A}.Debug|Any CPU.ActiveCfg = Debug|Any CPU
		{D96E5C5C-EBF9-4A7B-B550-054E1AF50B5A}.Debug|Any CPU.Build.0 = Debug|Any CPU
		{D96E5C5C-EBF9-4A7B-B550-054E1AF50B5A}.Release|Any CPU.ActiveCfg = Release|Any CPU
		{D96E5C5C-EBF9-4A7B-B550-054E1AF50B5A}.Release|Any CPU.Build.0 = Release|Any CPU
	EndGlobalSection
	GlobalSection(SolutionProperties) = preSolution
		HideSolutionNode = FALSE
	EndGlobalSection
	GlobalSection(ExtensibilityGlobals) = postSolution
		SolutionGuid = {2BAE99FF-5274-475A-BA31-A9C3A937F7C2}
	EndGlobalSection
EndGlobal
